schema: '2.0'
stages:
  preparation:
    cmd: python src/prepare.py
    deps:
    - path: data/raw/phishing.csv
      hash: md5
      md5: f3c27559e55c6c104e4d83857f0e7608
      size: 54160642
    - path: src/prepare.py
      hash: md5
      md5: c97ac52e905411da878d35f6924a7f05
      size: 7304
    outs:
    - path: data/prepared/test.csv
      hash: md5
      md5: 5ff0aaaac439c0ce8920e286cdced81b
      size: 7543205
    - path: data/prepared/train.csv
      hash: md5
      md5: b03cc8100070c22ac301f3ae5fae060f
      size: 27152561
    - path: data/prepared/val.csv
      hash: md5
      md5: eea6123d4f9e31f639b35742e71580ba
      size: 3016507
    - path: plots/01_distribusi_kelas.png
      hash: md5
      md5: e8e4ed04025782bc04b364d8fe54db42
      size: 54927
    - path: plots/02_distribusi_fitur.png
      hash: md5
      md5: 459b7d49b6ee4e77f402455be044c876
      size: 236859
    - path: plots/03_korelasi_fitur.png
      hash: md5
      md5: debe12be22e022bd00c1c4df36dfee91
      size: 60835
  training:
    cmd: python src/train.py
    deps:
    - path: data/prepared/train.csv
      hash: md5
      md5: b03cc8100070c22ac301f3ae5fae060f
      size: 27152561
    - path: src/train.py
      hash: md5
      md5: 07a40ccaf1678632c0ab9ed92ce1b951
      size: 16681
    outs:
    - path: models/model.pkl
      hash: md5
      md5: 67905c83a5ceac038aad7d6cd3935650
      size: 934468
